
Microsoft Visual Studio Solution File, Format Version 12.00
# Visual Studio Version 17
VisualStudioVersion = 17.9.34607.119
MinimumVisualStudioVersion = 10.0.40219.1
Project("{9A19103F-16F7-4668-BE54-9A1E7A4F7556}") = "FileRelaySystem", "FileRelaySystem\FileRelaySystem.csproj", "{10FC6745-F9C8-449F-ABAE-061F63FC57E9}"
EndProject
Project("{FAE04EC0-301F-11D3-BF4B-00C04F79EFBC}") = "ServerConfigurator", "ServerConfigurator\ServerConfigurator.csproj", "{08582E0C-EC29-DAC5-A59C-74FE9AD7E29C}"
EndProject
Project("{FAE04EC0-301F-11D3-BF4B-00C04F79EFBC}") = "RelayClientProtocol", "RelayUploadProtocol\RelayClientProtocol.csproj", "{CCCCB8E0-764D-43E9-8741-6C862C39FE7C}"
EndProject
Project("{FAE04EC0-301F-11D3-BF4B-00C04F79EFBC}") = "RelayServerProtocol", "RelayServerProtocol\RelayServerProtocol.csproj", "{A298E5EE-3A5F-4AFF-AFA5-CE1A7C6E228B}"
EndProject
Project("{FAE04EC0-301F-11D3-BF4B-00C04F79EFBC}") = "RelayCommonData", "RelayStructs\RelayCommonData.csproj", "{2B7B5E2C-DD8F-4638-8880-2DF6810F5608}"
EndProject
Global
	GlobalSection(SolutionConfigurationPlatforms) = preSolution
		Debug|Any CPU = Debug|Any CPU
		Release|Any CPU = Release|Any CPU
	EndGlobalSection
	GlobalSection(ProjectConfigurationPlatforms) = postSolution
		{10FC6745-F9C8-449F-ABAE-061F63FC57E9}.Debug|Any CPU.ActiveCfg = Debug|Any CPU
		{10FC6745-F9C8-449F-ABAE-061F63FC57E9}.Debug|Any CPU.Build.0 = Debug|Any CPU
		{10FC6745-F9C8-449F-ABAE-061F63FC57E9}.Release|Any CPU.ActiveCfg = Release|Any CPU
		{10FC6745-F9C8-449F-ABAE-061F63FC57E9}.Release|Any CPU.Build.0 = Release|Any CPU
		{08582E0C-EC29-DAC5-A59C-74FE9AD7E29C}.Debug|Any CPU.ActiveCfg = Debug|Any CPU
		{08582E0C-EC29-DAC5-A59C-74FE9AD7E29C}.Debug|Any CPU.Build.0 = Debug|Any CPU
		{08582E0C-EC29-DAC5-A59C-74FE9AD7E29C}.Release|Any CPU.ActiveCfg = Release|Any CPU
		{08582E0C-EC29-DAC5-A59C-74FE9AD7E29C}.Release|Any CPU.Build.0 = Release|Any CPU
		{CCCCB8E0-764D-43E9-8741-6C862C39FE7C}.Debug|Any CPU.ActiveCfg = Debug|Any CPU
		{CCCCB8E0-764D-43E9-8741-6C862C39FE7C}.Debug|Any CPU.Build.0 = Debug|Any CPU
		{CCCCB8E0-764D-43E9-8741-6C862C39FE7C}.Release|Any CPU.ActiveCfg = Release|Any CPU
		{CCCCB8E0-764D-43E9-8741-6C862C39FE7C}.Release|Any CPU.Build.0 = Release|Any CPU
		{A298E5EE-3A5F-4AFF-AFA5-CE1A7C6E228B}.Debug|Any CPU.ActiveCfg = Debug|Any CPU
		{A298E5EE-3A5F-4AFF-AFA5-CE1A7C6E228B}.Debug|Any CPU.Build.0 = Debug|Any CPU
		{A298E5EE-3A5F-4AFF-AFA5-CE1A7C6E228B}.Release|Any CPU.ActiveCfg = Release|Any CPU
		{A298E5EE-3A5F-4AFF-AFA5-CE1A7C6E228B}.Release|Any CPU.Build.0 = Release|Any CPU
		{2B7B5E2C-DD8F-4638-8880-2DF6810F5608}.Debug|Any CPU.ActiveCfg = Debug|Any CPU
		{2B7B5E2C-DD8F-4638-8880-2DF6810F5608}.Debug|Any CPU.Build.0 = Debug|Any CPU
		{2B7B5E2C-DD8F-4638-8880-2DF6810F5608}.Release|Any CPU.ActiveCfg = Release|Any CPU
		{2B7B5E2C-DD8F-4638-8880-2DF6810F5608}.Release|Any CPU.Build.0 = Release|Any CPU
	EndGlobalSection
	GlobalSection(SolutionProperties) = preSolution
		HideSolutionNode = FALSE
	EndGlobalSection
	GlobalSection(ExtensibilityGlobals) = postSolution
		SolutionGuid = {73A55D95-FA72-4D80-9006-CAE35C386901}
	EndGlobalSection
EndGlobal
